
Microsoft Visual Studio Solution File, Format Version 12.00
# Visual Studio Version 17
VisualStudioVersion = 17.11.35222.181
MinimumVisualStudioVersion = 10.0.40219.1
Project("{FAE04EC0-301F-11D3-BF4B-00C04F79EFBC}") = "LinkDev.IKEA.PL", "LinkDev.IKEA.PL\LinkDev.IKEA.PL.csproj", "{ECC564D2-1838-469C-A2AF-27DB507DACEF}"
EndProject
Project("{FAE04EC0-301F-11D3-BF4B-00C04F79EFBC}") = "LinkDev.IKEA.BLL", "LinkDev.IKEA.BLL\LinkDev.IKEA.BLL.csproj", "{3738624E-19E0-4901-8385-FA42C12CC6AD}"
EndProject
Project("{FAE04EC0-301F-11D3-BF4B-00C04F79EFBC}") = "LinkDev.IKEA.DAL", "LinkDev.IKEA.DAL\LinkDev.IKEA.DAL.csproj", "{A9339E83-8B6F-4ACB-A820-87FF2A495307}"
EndProject
Global
	GlobalSection(SolutionConfigurationPlatforms) = preSolution
		Debug|Any CPU = Debug|Any CPU
		Release|Any CPU = Release|Any CPU
	EndGlobalSection
	GlobalSection(ProjectConfigurationPlatforms) = postSolution
		{ECC564D2-1838-469C-A2AF-27DB507DACEF}.Debug|Any CPU.ActiveCfg = Debug|Any CPU
		{ECC564D2-1838-469C-A2AF-27DB507DACEF}.Debug|Any CPU.Build.0 = Debug|Any CPU
		{ECC564D2-1838-469C-A2AF-27DB507DACEF}.Release|Any CPU.ActiveCfg = Release|Any CPU
		{ECC564D2-1838-469C-A2AF-27DB507DACEF}.Release|Any CPU.Build.0 = Release|Any CPU
		{3738624E-19E0-4901-8385-FA42C12CC6AD}.Debug|Any CPU.ActiveCfg = Debug|Any CPU
		{3738624E-19E0-4901-8385-FA42C12CC6AD}.Debug|Any CPU.Build.0 = Debug|Any CPU
		{3738624E-19E0-4901-8385-FA42C12CC6AD}.Release|Any CPU.ActiveCfg = Release|Any CPU
		{3738624E-19E0-4901-8385-FA42C12CC6AD}.Release|Any CPU.Build.0 = Release|Any CPU
		{A9339E83-8B6F-4ACB-A820-87FF2A495307}.Debug|Any CPU.ActiveCfg = Debug|Any CPU
		{A9339E83-8B6F-4ACB-A820-87FF2A495307}.Debug|Any CPU.Build.0 = Debug|Any CPU
		{A9339E83-8B6F-4ACB-A820-87FF2A495307}.Release|Any CPU.ActiveCfg = Release|Any CPU
		{A9339E83-8B6F-4ACB-A820-87FF2A495307}.Release|Any CPU.Build.0 = Release|Any CPU
	EndGlobalSection
	GlobalSection(SolutionProperties) = preSolution
		HideSolutionNode = FALSE
	EndGlobalSection
	GlobalSection(ExtensibilityGlobals) = postSolution
		SolutionGuid = {32AC1098-518A-4078-81D6-D0E35DAA8E09}
	EndGlobalSection
EndGlobal
